
Microsoft Visual Studio Solution File, Format Version 12.00
# Visual Studio Version 17
VisualStudioVersion = 17.12.35707.178
MinimumVisualStudioVersion = 10.0.40219.1
Project("{FAE04EC0-301F-11D3-BF4B-00C04F79EFBC}") = "SmartBank.Api", "SmartBank.Api\SmartBank.Api.csproj", "{FF1C7723-7350-4ACC-9033-96B748FE8C59}"
EndProject
Project("{FAE04EC0-301F-11D3-BF4B-00C04F79EFBC}") = "SmartBank.Application", "SmartBank.Application\SmartBank.Application.csproj", "{768F128C-1304-44C1-BB35-29D10988E1EA}"
EndProject
Project("{FAE04EC0-301F-11D3-BF4B-00C04F79EFBC}") = "SmartBank.Domain", "SmartBank.Domain\SmartBank.Domain.csproj", "{FBDA8FC4-187D-4A55-ACE8-25E32DA38036}"
EndProject
Project("{FAE04EC0-301F-11D3-BF4B-00C04F79EFBC}") = "SmartBank.Infrastructure", "SmartBank.Infrastructure\SmartBank.Infrastructure.csproj", "{4FAFE324-3C31-46B4-95BD-F315EADA5FB5}"
EndProject
Global
	GlobalSection(SolutionConfigurationPlatforms) = preSolution
		Debug|Any CPU = Debug|Any CPU
		Release|Any CPU = Release|Any CPU
	EndGlobalSection
	GlobalSection(ProjectConfigurationPlatforms) = postSolution
		{FF1C7723-7350-4ACC-9033-96B748FE8C59}.Debug|Any CPU.ActiveCfg = Debug|Any CPU
		{FF1C7723-7350-4ACC-9033-96B748FE8C59}.Debug|Any CPU.Build.0 = Debug|Any CPU
		{FF1C7723-7350-4ACC-9033-96B748FE8C59}.Release|Any CPU.ActiveCfg = Release|Any CPU
		{FF1C7723-7350-4ACC-9033-96B748FE8C59}.Release|Any CPU.Build.0 = Release|Any CPU
		{768F128C-1304-44C1-BB35-29D10988E1EA}.Debug|Any CPU.ActiveCfg = Debug|Any CPU
		{768F128C-1304-44C1-BB35-29D10988E1EA}.Debug|Any CPU.Build.0 = Debug|Any CPU
		{768F128C-1304-44C1-BB35-29D10988E1EA}.Release|Any CPU.ActiveCfg = Release|Any CPU
		{768F128C-1304-44C1-BB35-29D10988E1EA}.Release|Any CPU.Build.0 = Release|Any CPU
		{FBDA8FC4-187D-4A55-ACE8-25E32DA38036}.Debug|Any CPU.ActiveCfg = Debug|Any CPU
		{FBDA8FC4-187D-4A55-ACE8-25E32DA38036}.Debug|Any CPU.Build.0 = Debug|Any CPU
		{FBDA8FC4-187D-4A55-ACE8-25E32DA38036}.Release|Any CPU.ActiveCfg = Release|Any CPU
		{FBDA8FC4-187D-4A55-ACE8-25E32DA38036}.Release|Any CPU.Build.0 = Release|Any CPU
		{4FAFE324-3C31-46B4-95BD-F315EADA5FB5}.Debug|Any CPU.ActiveCfg = Debug|Any CPU
		{4FAFE324-3C31-46B4-95BD-F315EADA5FB5}.Debug|Any CPU.Build.0 = Debug|Any CPU
		{4FAFE324-3C31-46B4-95BD-F315EADA5FB5}.Release|Any CPU.ActiveCfg = Release|Any CPU
		{4FAFE324-3C31-46B4-95BD-F315EADA5FB5}.Release|Any CPU.Build.0 = Release|Any CPU
	EndGlobalSection
	GlobalSection(SolutionProperties) = preSolution
		HideSolutionNode = FALSE
	EndGlobalSection
EndGlobal
